
Microsoft Visual Studio Solution File, Format Version 12.00
# Visual Studio 15
VisualStudioVersion = 15.0.27130.2036
MinimumVisualStudioVersion = 10.0.40219.1
Project("{FAE04EC0-301F-11D3-BF4B-00C04F79EFBC}") = "IfWithBrackets", "IfWithBrackets\IfWithBrackets\IfWithBrackets.csproj", "{D641515B-3054-4A63-9D2A-5C0FAFA21C0F}"
EndProject
Project("{FAE04EC0-301F-11D3-BF4B-00C04F79EFBC}") = "IfWithBrackets.Test", "IfWithBrackets\IfWithBrackets.Test\IfWithBrackets.Test.csproj", "{222F1BEA-F001-42E0-A05F-F3CF327AAF75}"
EndProject
Project("{FAE04EC0-301F-11D3-BF4B-00C04F79EFBC}") = "IfWithBrackets.Vsix", "IfWithBrackets\IfWithBrackets.Vsix\IfWithBrackets.Vsix.csproj", "{0E8B910D-6702-4DBC-A80F-4E724B0AA488}"
EndProject
Global
	GlobalSection(SolutionConfigurationPlatforms) = preSolution
		Debug|Any CPU = Debug|Any CPU
		Release|Any CPU = Release|Any CPU
	EndGlobalSection
	GlobalSection(ProjectConfigurationPlatforms) = postSolution
		{D641515B-3054-4A63-9D2A-5C0FAFA21C0F}.Debug|Any CPU.ActiveCfg = Debug|Any CPU
		{D641515B-3054-4A63-9D2A-5C0FAFA21C0F}.Debug|Any CPU.Build.0 = Debug|Any CPU
		{D641515B-3054-4A63-9D2A-5C0FAFA21C0F}.Release|Any CPU.ActiveCfg = Release|Any CPU
		{D641515B-3054-4A63-9D2A-5C0FAFA21C0F}.Release|Any CPU.Build.0 = Release|Any CPU
		{222F1BEA-F001-42E0-A05F-F3CF327AAF75}.Debug|Any CPU.ActiveCfg = Debug|Any CPU
		{222F1BEA-F001-42E0-A05F-F3CF327AAF75}.Debug|Any CPU.Build.0 = Debug|Any CPU
		{222F1BEA-F001-42E0-A05F-F3CF327AAF75}.Release|Any CPU.ActiveCfg = Release|Any CPU
		{222F1BEA-F001-42E0-A05F-F3CF327AAF75}.Release|Any CPU.Build.0 = Release|Any CPU
		{0E8B910D-6702-4DBC-A80F-4E724B0AA488}.Debug|Any CPU.ActiveCfg = Debug|Any CPU
		{0E8B910D-6702-4DBC-A80F-4E724B0AA488}.Debug|Any CPU.Build.0 = Debug|Any CPU
		{0E8B910D-6702-4DBC-A80F-4E724B0AA488}.Release|Any CPU.ActiveCfg = Release|Any CPU
		{0E8B910D-6702-4DBC-A80F-4E724B0AA488}.Release|Any CPU.Build.0 = Release|Any CPU
	EndGlobalSection
	GlobalSection(SolutionProperties) = preSolution
		HideSolutionNode = FALSE
	EndGlobalSection
	GlobalSection(ExtensibilityGlobals) = postSolution
		SolutionGuid = {3DE1B513-EC8D-4A7B-A067-1274CF9E2D72}
	EndGlobalSection
EndGlobal
